
Microsoft Visual Studio Solution File, Format Version 12.00
# Visual Studio Version 17
VisualStudioVersion = 17.5.002.0
MinimumVisualStudioVersion = 10.0.40219.1
Project("{9A19103F-16F7-4668-BE54-9A1E7A4F7556}") = "text-scaler", "src/TextScaler.Functions/TextScaler.Functions.csproj", "{C14C79C9-EE58-4408-92C4-C4F0B3B50B69}"
EndProject
Global
	GlobalSection(SolutionConfigurationPlatforms) = preSolution
		Debug|Any CPU = Debug|Any CPU
		Release|Any CPU = Release|Any CPU
	EndGlobalSection
	GlobalSection(ProjectConfigurationPlatforms) = postSolution
		{C14C79C9-EE58-4408-92C4-C4F0B3B50B69}.Debug|Any CPU.ActiveCfg = Debug|Any CPU
		{C14C79C9-EE58-4408-92C4-C4F0B3B50B69}.Debug|Any CPU.Build.0 = Debug|Any CPU
		{C14C79C9-EE58-4408-92C4-C4F0B3B50B69}.Release|Any CPU.ActiveCfg = Release|Any CPU
		{C14C79C9-EE58-4408-92C4-C4F0B3B50B69}.Release|Any CPU.Build.0 = Release|Any CPU
	EndGlobalSection
	GlobalSection(SolutionProperties) = preSolution
		HideSolutionNode = FALSE
	EndGlobalSection
	GlobalSection(ExtensibilityGlobals) = postSolution
		SolutionGuid = {E49FFA28-A017-4666-94E7-B3A6614977D5}
	EndGlobalSection
EndGlobal
